
Microsoft Visual Studio Solution File, Format Version 12.00
# Visual Studio Version 17
VisualStudioVersion = 17.0.32126.317
MinimumVisualStudioVersion = 10.0.40219.1
Project("{FAE04EC0-301F-11D3-BF4B-00C04F79EFBC}") = "ContactBookApp", "ContactBookApp\ContactBookApp.csproj", "{F698204E-3FFC-486D-A344-8D5E4455B26A}"
EndProject
Project("{FAE04EC0-301F-11D3-BF4B-00C04F79EFBC}") = "DatabaseAndModel", "ContactDatabase\DatabaseAndModel.csproj", "{4D7C702D-DCDB-411E-84D1-98DFE6EF787D}"
EndProject
Project("{FAE04EC0-301F-11D3-BF4B-00C04F79EFBC}") = "ContactBusinessLogic", "ContactBusinessLogic\ContactBusinessLogic.csproj", "{E5005C53-7F30-4563-9F8D-FAD8ADAC30F3}"
EndProject
Global
	GlobalSection(SolutionConfigurationPlatforms) = preSolution
		Debug|Any CPU = Debug|Any CPU
		Release|Any CPU = Release|Any CPU
	EndGlobalSection
	GlobalSection(ProjectConfigurationPlatforms) = postSolution
		{F698204E-3FFC-486D-A344-8D5E4455B26A}.Debug|Any CPU.ActiveCfg = Debug|Any CPU
		{F698204E-3FFC-486D-A344-8D5E4455B26A}.Debug|Any CPU.Build.0 = Debug|Any CPU
		{F698204E-3FFC-486D-A344-8D5E4455B26A}.Release|Any CPU.ActiveCfg = Release|Any CPU
		{F698204E-3FFC-486D-A344-8D5E4455B26A}.Release|Any CPU.Build.0 = Release|Any CPU
		{4D7C702D-DCDB-411E-84D1-98DFE6EF787D}.Debug|Any CPU.ActiveCfg = Debug|Any CPU
		{4D7C702D-DCDB-411E-84D1-98DFE6EF787D}.Debug|Any CPU.Build.0 = Debug|Any CPU
		{4D7C702D-DCDB-411E-84D1-98DFE6EF787D}.Release|Any CPU.ActiveCfg = Release|Any CPU
		{4D7C702D-DCDB-411E-84D1-98DFE6EF787D}.Release|Any CPU.Build.0 = Release|Any CPU
		{E5005C53-7F30-4563-9F8D-FAD8ADAC30F3}.Debug|Any CPU.ActiveCfg = Debug|Any CPU
		{E5005C53-7F30-4563-9F8D-FAD8ADAC30F3}.Debug|Any CPU.Build.0 = Debug|Any CPU
		{E5005C53-7F30-4563-9F8D-FAD8ADAC30F3}.Release|Any CPU.ActiveCfg = Release|Any CPU
		{E5005C53-7F30-4563-9F8D-FAD8ADAC30F3}.Release|Any CPU.Build.0 = Release|Any CPU
	EndGlobalSection
	GlobalSection(SolutionProperties) = preSolution
		HideSolutionNode = FALSE
	EndGlobalSection
	GlobalSection(ExtensibilityGlobals) = postSolution
		SolutionGuid = {D9CF42C6-C378-4F23-B8C4-EF3599BAE81E}
	EndGlobalSection
EndGlobal
